// !$*UTF8*$!
{
	archiveVersion = 1;
	classes = {
	};
	objectVersion = 55;
	objects = {

/* Begin PBXBuildFile section */
		643C9BE52840B6FA0014E3CF /* MusicWebViewController.swift in Sources */ = {isa = PBXBuildFile; fileRef = 643C9BE42840B6FA0014E3CF /* MusicWebViewController.swift */; };
		647D96D8283F520E008867F0 /* TwitterRandomUser.swift in Sources */ = {isa = PBXBuildFile; fileRef = 647D96D7283F520E008867F0 /* TwitterRandomUser.swift */; };
		647D96DA283F5829008867F0 /* UserViewController.swift in Sources */ = {isa = PBXBuildFile; fileRef = 647D96D9283F5829008867F0 /* UserViewController.swift */; };
		647D96DC283F732B008867F0 /* iTunes.swift in Sources */ = {isa = PBXBuildFile; fileRef = 647D96DB283F732B008867F0 /* iTunes.swift */; };
		647D96E1283F759B008867F0 /* SongTableViewCell.swift in Sources */ = {isa = PBXBuildFile; fileRef = 647D96E0283F759B008867F0 /* SongTableViewCell.swift */; };
		647D96E3283F75AB008867F0 /* SongsTableViewController.swift in Sources */ = {isa = PBXBuildFile; fileRef = 647D96E2283F75AB008867F0 /* SongsTableViewController.swift */; };
		64E5F8B4283E4B5E00B078D8 /* AppDelegate.swift in Sources */ = {isa = PBXBuildFile; fileRef = 64E5F8B3283E4B5E00B078D8 /* AppDelegate.swift */; };
		64E5F8B6283E4B5E00B078D8 /* SceneDelegate.swift in Sources */ = {isa = PBXBuildFile; fileRef = 64E5F8B5283E4B5E00B078D8 /* SceneDelegate.swift */; };
		64E5F8BB283E4B5E00B078D8 /* Main.storyboard in Resources */ = {isa = PBXBuildFile; fileRef = 64E5F8B9283E4B5E00B078D8 /* Main.storyboard */; };
		64E5F8BD283E4B5E00B078D8 /* Assets.xcassets in Resources */ = {isa = PBXBuildFile; fileRef = 64E5F8BC283E4B5E00B078D8 /* Assets.xcassets */; };
		64E5F8C0283E4B5E00B078D8 /* LaunchScreen.storyboard in Resources */ = {isa = PBXBuildFile; fileRef = 64E5F8BE283E4B5E00B078D8 /* LaunchScreen.storyboard */; };
		64E5F8C8283E4CCC00B078D8 /* Dcard.swift in Sources */ = {isa = PBXBuildFile; fileRef = 64E5F8C7283E4CCC00B078D8 /* Dcard.swift */; };
		64E5F8CA283E505B00B078D8 /* PostsTableViewController.swift in Sources */ = {isa = PBXBuildFile; fileRef = 64E5F8C9283E505B00B078D8 /* PostsTableViewController.swift */; };
		64E5F8CC283E506F00B078D8 /* PostsTableViewCell.swift in Sources */ = {isa = PBXBuildFile; fileRef = 64E5F8CB283E506F00B078D8 /* PostsTableViewCell.swift */; };
/* End PBXBuildFile section */

/* Begin PBXFileReference section */
		643C9BE42840B6FA0014E3CF /* MusicWebViewController.swift */ = {isa = PBXFileReference; lastKnownFileType = sourcecode.swift; path = MusicWebViewController.swift; sourceTree = "<group>"; };
		647D96D7283F520E008867F0 /* TwitterRandomUser.swift */ = {isa = PBXFileReference; lastKnownFileType = sourcecode.swift; path = TwitterRandomUser.swift; sourceTree = "<group>"; };
		647D96D9283F5829008867F0 /* UserViewController.swift */ = {isa = PBXFileReference; lastKnownFileType = sourcecode.swift; path = UserViewController.swift; sourceTree = "<group>"; };
		647D96DB283F732B008867F0 /* iTunes.swift */ = {isa = PBXFileReference; lastKnownFileType = sourcecode.swift; path = iTunes.swift; sourceTree = "<group>"; };
		647D96E0283F759B008867F0 /* SongTableViewCell.swift */ = {isa = PBXFileReference; lastKnownFileType = sourcecode.swift; path = SongTableViewCell.swift; sourceTree = "<group>"; };
		647D96E2283F75AB008867F0 /* SongsTableViewController.swift */ = {isa = PBXFileReference; lastKnownFileType = sourcecode.swift; path = SongsTableViewController.swift; sourceTree = "<group>"; };
		64E5F8B0283E4B5E00B078D8 /* API Practice.app */ = {isa = PBXFileReference; explicitFileType = wrapper.application; includeInIndex = 0; path = "API Practice.app"; sourceTree = BUILT_PRODUCTS_DIR; };
		64E5F8B3283E4B5E00B078D8 /* AppDelegate.swift */ = {isa = PBXFileReference; lastKnownFileType = sourcecode.swift; path = AppDelegate.swift; sourceTree = "<group>"; };
		64E5F8B5283E4B5E00B078D8 /* SceneDelegate.swift */ = {isa = PBXFileReference; lastKnownFileType = sourcecode.swift; path = SceneDelegate.swift; sourceTree = "<group>"; };
		64E5F8BA283E4B5E00B078D8 /* Base */ = {isa = PBXFileReference; lastKnownFileType = file.storyboard; name = Base; path = Base.lproj/Main.storyboard; sourceTree = "<group>"; };
		64E5F8BC283E4B5E00B078D8 /* Assets.xcassets */ = {isa = PBXFileReference; lastKnownFileType = folder.assetcatalog; path = Assets.xcassets; sourceTree = "<group>"; };
		64E5F8BF283E4B5E00B078D8 /* Base */ = {isa = PBXFileReference; lastKnownFileType = file.storyboard; name = Base; path = Base.lproj/LaunchScreen.storyboard; sourceTree = "<group>"; };
		64E5F8C1283E4B5E00B078D8 /* Info.plist */ = {isa = PBXFileReference; lastKnownFileType = text.plist.xml; path = Info.plist; sourceTree = "<group>"; };
		64E5F8C7283E4CCC00B078D8 /* Dcard.swift */ = {isa = PBXFileReference; lastKnownFileType = sourcecode.swift; path = Dcard.swift; sourceTree = "<group>"; };
		64E5F8C9283E505B00B078D8 /* PostsTableViewController.swift */ = {isa = PBXFileReference; lastKnownFileType = sourcecode.swift; path = PostsTableViewController.swift; sourceTree = "<group>"; };
		64E5F8CB283E506F00B078D8 /* PostsTableViewCell.swift */ = {isa = PBXFileReference; lastKnownFileType = sourcecode.swift; path = PostsTableViewCell.swift; sourceTree = "<group>"; };
/* End PBXFileReference section */

/* Begin PBXFrameworksBuildPhase section */
		64E5F8AD283E4B5E00B078D8 /* Frameworks */ = {
			isa = PBXFrameworksBuildPhase;
			buildActionMask = 2147483647;
			files = (
			);
			runOnlyForDeploymentPostprocessing = 0;
		};
/* End PBXFrameworksBuildPhase section */

/* Begin PBXGroup section */
		647D96DD283F73DF008867F0 /* Dcard */ = {
			isa = PBXGroup;
			children = (
				64E5F8C7283E4CCC00B078D8 /* Dcard.swift */,
				64E5F8C9283E505B00B078D8 /* PostsTableViewController.swift */,
				64E5F8CB283E506F00B078D8 /* PostsTableViewCell.swift */,
			);
			path = Dcard;
			sourceTree = "<group>";
		};
		647D96DE283F7403008867F0 /* Twitter */ = {
			isa = PBXGroup;
			children = (
				647D96D7283F520E008867F0 /* TwitterRandomUser.swift */,
				647D96D9283F5829008867F0 /* UserViewController.swift */,
			);
			path = Twitter;
			sourceTree = "<group>";
		};
		647D96DF283F7424008867F0 /* iMusic */ = {
			isa = PBXGroup;
			children = (
				647D96E0283F759B008867F0 /* SongTableViewCell.swift */,
				647D96E2283F75AB008867F0 /* SongsTableViewController.swift */,
				647D96DB283F732B008867F0 /* iTunes.swift */,
				643C9BE42840B6FA0014E3CF /* MusicWebViewController.swift */,
			);
			path = iMusic;
			sourceTree = "<group>";
		};
		64E5F8A7283E4B5E00B078D8 = {
			isa = PBXGroup;
			children = (
				64E5F8B2283E4B5E00B078D8 /* API Practice */,
				64E5F8B1283E4B5E00B078D8 /* Products */,
			);
			sourceTree = "<group>";
		};
		64E5F8B1283E4B5E00B078D8 /* Products */ = {
			isa = PBXGroup;
			children = (
				64E5F8B0283E4B5E00B078D8 /* API Practice.app */,
			);
			name = Products;
			sourceTree = "<group>";
		};
		64E5F8B2283E4B5E00B078D8 /* API Practice */ = {
			isa = PBXGroup;
			children = (
				647D96DF283F7424008867F0 /* iMusic */,
				647D96DE283F7403008867F0 /* Twitter */,
				647D96DD283F73DF008867F0 /* Dcard */,
				64E5F8B3283E4B5E00B078D8 /* AppDelegate.swift */,
				64E5F8B5283E4B5E00B078D8 /* SceneDelegate.swift */,
				64E5F8B9283E4B5E00B078D8 /* Main.storyboard */,
				64E5F8BC283E4B5E00B078D8 /* Assets.xcassets */,
				64E5F8BE283E4B5E00B078D8 /* LaunchScreen.storyboard */,
				64E5F8C1283E4B5E00B078D8 /* Info.plist */,
			);
			path = "API Practice";
			sourceTree = "<group>";
		};
/* End PBXGroup section */

/* Begin PBXNativeTarget section */
		64E5F8AF283E4B5E00B078D8 /* API Practice */ = {
			isa = PBXNativeTarget;
			buildConfigurationList = 64E5F8C4283E4B5E00B078D8 /* Build configuration list for PBXNativeTarget "API Practice" */;
			buildPhases = (
				64E5F8AC283E4B5E00B078D8 /* Sources */,
				64E5F8AD283E4B5E00B078D8 /* Frameworks */,
				64E5F8AE283E4B5E00B078D8 /* Resources */,
			);
			buildRules = (
			);
			dependencies = (
			);
			name = "API Practice";
			productName = "API Practice";
			productReference = 64E5F8B0283E4B5E00B078D8 /* API Practice.app */;
			productType = "com.apple.product-type.application";
		};
/* End PBXNativeTarget section */

/* Begin PBXProject section */
		64E5F8A8283E4B5E00B078D8 /* Project object */ = {
			isa = PBXProject;
			attributes = {
				BuildIndependentTargetsInParallel = 1;
				LastSwiftUpdateCheck = 1330;
				LastUpgradeCheck = 1330;
				TargetAttributes = {
					64E5F8AF283E4B5E00B078D8 = {
						CreatedOnToolsVersion = 13.3.1;
					};
				};
			};
			buildConfigurationList = 64E5F8AB283E4B5E00B078D8 /* Build configuration list for PBXProject "API Practice" */;
			compatibilityVersion = "Xcode 13.0";
			developmentRegion = en;
			hasScannedForEncodings = 0;
			knownRegions = (
				en,
				Base,
			);
			mainGroup = 64E5F8A7283E4B5E00B078D8;
			productRefGroup = 64E5F8B1283E4B5E00B078D8 /* Products */;
			projectDirPath = "";
			projectRoot = "";
			targets = (
				64E5F8AF283E4B5E00B078D8 /* API Practice */,
			);
		};
/* End PBXProject section */

/* Begin PBXResourcesBuildPhase section */
		64E5F8AE283E4B5E00B078D8 /* Resources */ = {
			isa = PBXResourcesBuildPhase;
			buildActionMask = 2147483647;
			files = (
				64E5F8C0283E4B5E00B078D8 /* LaunchScreen.storyboard in Resources */,
				64E5F8BD283E4B5E00B078D8 /* Assets.xcassets in Resources */,
				64E5F8BB283E4B5E00B078D8 /* Main.storyboard in Resources */,
			);
			runOnlyForDeploymentPostprocessing = 0;
		};
/* End PBXResourcesBuildPhase section */

/* Begin PBXSourcesBuildPhase section */
		64E5F8AC283E4B5E00B078D8 /* Sources */ = {
			isa = PBXSourcesBuildPhase;
			buildActionMask = 2147483647;
			files = (
				64E5F8C8283E4CCC00B078D8 /* Dcard.swift in Sources */,
				643C9BE52840B6FA0014E3CF /* MusicWebViewController.swift in Sources */,
				647D96DA283F5829008867F0 /* UserViewController.swift in Sources */,
				64E5F8B4283E4B5E00B078D8 /* AppDelegate.swift in Sources */,
				64E5F8CC283E506F00B078D8 /* PostsTableViewCell.swift in Sources */,
				647D96D8283F520E008867F0 /* TwitterRandomUser.swift in Sources */,
				64E5F8B6283E4B5E00B078D8 /* SceneDelegate.swift in Sources */,
				647D96E1283F759B008867F0 /* SongTableViewCell.swift in Sources */,
				64E5F8CA283E505B00B078D8 /* PostsTableViewController.swift in Sources */,
				647D96E3283F75AB008867F0 /* SongsTableViewController.swift in Sources */,
				647D96DC283F732B008867F0 /* iTunes.swift in Sources */,
			);
			runOnlyForDeploymentPostprocessing = 0;
		};
/* End PBXSourcesBuildPhase section */

/* Begin PBXVariantGroup section */
		64E5F8B9283E4B5E00B078D8 /* Main.storyboard */ = {
			isa = PBXVariantGroup;
			children = (
				64E5F8BA283E4B5E00B078D8 /* Base */,
			);
			name = Main.storyboard;
			sourceTree = "<group>";
		};
		64E5F8BE283E4B5E00B078D8 /* LaunchScreen.storyboard */ = {
			isa = PBXVariantGroup;
			children = (
				64E5F8BF283E4B5E00B078D8 /* Base */,
			);
			name = LaunchScreen.storyboard;
			sourceTree = "<group>";
		};
/* End PBXVariantGroup section */

/* Begin XCBuildConfiguration section */
		64E5F8C2283E4B5E00B078D8 /* Debug */ = {
			isa = XCBuildConfiguration;
			buildSettings = {
				ALWAYS_SEARCH_USER_PATHS = NO;
				CLANG_ANALYZER_NONNULL = YES;
				CLANG_ANALYZER_NUMBER_OBJECT_CONVERSION = YES_AGGRESSIVE;
				CLANG_CXX_LANGUAGE_STANDARD = "gnu++17";
				CLANG_ENABLE_MODULES = YES;
				CLANG_ENABLE_OBJC_ARC = YES;
				CLANG_ENABLE_OBJC_WEAK = YES;
				CLANG_WARN_BLOCK_CAPTURE_AUTORELEASING = YES;
				CLANG_WARN_BOOL_CONVERSION = YES;
				CLANG_WARN_COMMA = YES;
				CLANG_WARN_CONSTANT_CONVERSION = YES;
				CLANG_WARN_DEPRECATED_OBJC_IMPLEMENTATIONS = YES;
				CLANG_WARN_DIRECT_OBJC_ISA_USAGE = YES_ERROR;
				CLANG_WARN_DOCUMENTATION_COMMENTS = YES;
				CLANG_WARN_EMPTY_BODY = YES;
				CLANG_WARN_ENUM_CONVERSION = YES;
				CLANG_WARN_INFINITE_RECURSION = YES;
				CLANG_WARN_INT_CONVERSION = YES;
				CLANG_WARN_NON_LITERAL_NULL_CONVERSION = YES;
				CLANG_WARN_OBJC_IMPLICIT_RETAIN_SELF = YES;
				CLANG_WARN_OBJC_LITERAL_CONVERSION = YES;
				CLANG_WARN_OBJC_ROOT_CLASS = YES_ERROR;
				CLANG_WARN_QUOTED_INCLUDE_IN_FRAMEWORK_HEADER = YES;
				CLANG_WARN_RANGE_LOOP_ANALYSIS = YES;
				CLANG_WARN_STRICT_PROTOTYPES = YES;
				CLANG_WARN_SUSPICIOUS_MOVE = YES;
				CLANG_WARN_UNGUARDED_AVAILABILITY = YES_AGGRESSIVE;
				CLANG_WARN_UNREACHABLE_CODE = YES;
				CLANG_WARN__DUPLICATE_METHOD_MATCH = YES;
				COPY_PHASE_STRIP = NO;
				DEBUG_INFORMATION_FORMAT = dwarf;
				ENABLE_STRICT_OBJC_MSGSEND = YES;
				ENABLE_TESTABILITY = YES;
				GCC_C_LANGUAGE_STANDARD = gnu11;
				GCC_DYNAMIC_NO_PIC = NO;
				GCC_NO_COMMON_BLOCKS = YES;
				GCC_OPTIMIZATION_LEVEL = 0;
				GCC_PREPROCESSOR_DEFINITIONS = (
					"DEBUG=1",
					"$(inherited)",
				);
				GCC_WARN_64_TO_32_BIT_CONVERSION = YES;
				GCC_WARN_ABOUT_RETURN_TYPE = YES_ERROR;
				GCC_WARN_UNDECLARED_SELECTOR = YES;
				GCC_WARN_UNINITIALIZED_AUTOS = YES_AGGRESSIVE;
				GCC_WARN_UNUSED_FUNCTION = YES;
				GCC_WARN_UNUSED_VARIABLE = YES;
				IPHONEOS_DEPLOYMENT_TARGET = 15.4;
				MTL_ENABLE_DEBUG_INFO = INCLUDE_SOURCE;
				MTL_FAST_MATH = YES;
				ONLY_ACTIVE_ARCH = YES;
				SDKROOT = iphoneos;
				SWIFT_ACTIVE_COMPILATION_CONDITIONS = DEBUG;
				SWIFT_OPTIMIZATION_LEVEL = "-Onone";
			};
			name = Debug;
		};
		64E5F8C3283E4B5E00B078D8 /* Release */ = {
			isa = XCBuildConfiguration;
			buildSettings = {
				ALWAYS_SEARCH_USER_PATHS = NO;
				CLANG_ANALYZER_NONNULL = YES;
				CLANG_ANALYZER_NUMBER_OBJECT_CONVERSION = YES_AGGRESSIVE;
				CLANG_CXX_LANGUAGE_STANDARD = "gnu++17";
				CLANG_ENABLE_MODULES = YES;
				CLANG_ENABLE_OBJC_ARC = YES;
				CLANG_ENABLE_OBJC_WEAK = YES;
				CLANG_WARN_BLOCK_CAPTURE_AUTORELEASING = YES;
				CLANG_WARN_BOOL_CONVERSION = YES;
				CLANG_WARN_COMMA = YES;
				CLANG_WARN_CONSTANT_CONVERSION = YES;
				CLANG_WARN_DEPRECATED_OBJC_IMPLEMENTATIONS = YES;
				CLANG_WARN_DIRECT_OBJC_ISA_USAGE = YES_ERROR;
				CLANG_WARN_DOCUMENTATION_COMMENTS = YES;
				CLANG_WARN_EMPTY_BODY = YES;
				CLANG_WARN_ENUM_CONVERSION = YES;
				CLANG_WARN_INFINITE_RECURSION = YES;
				CLANG_WARN_INT_CONVERSION = YES;
				CLANG_WARN_NON_LITERAL_NULL_CONVERSION = YES;
				CLANG_WARN_OBJC_IMPLICIT_RETAIN_SELF = YES;
				CLANG_WARN_OBJC_LITERAL_CONVERSION = YES;
				CLANG_WARN_OBJC_ROOT_CLASS = YES_ERROR;
				CLANG_WARN_QUOTED_INCLUDE_IN_FRAMEWORK_HEADER = YES;
				CLANG_WARN_RANGE_LOOP_ANALYSIS = YES;
				CLANG_WARN_STRICT_PROTOTYPES = YES;
				CLANG_WARN_SUSPICIOUS_MOVE = YES;
				CLANG_WARN_UNGUARDED_AVAILABILITY = YES_AGGRESSIVE;
				CLANG_WARN_UNREACHABLE_CODE = YES;
				CLANG_WARN__DUPLICATE_METHOD_MATCH = YES;
				COPY_PHASE_STRIP = NO;
				DEBUG_INFORMATION_FORMAT = "dwarf-with-dsym";
				ENABLE_NS_ASSERTIONS = NO;
				ENABLE_STRICT_OBJC_MSGSEND = YES;
				GCC_C_LANGUAGE_STANDARD = gnu11;
				GCC_NO_COMMON_BLOCKS = YES;
				GCC_WARN_64_TO_32_BIT_CONVERSION = YES;
				GCC_WARN_ABOUT_RETURN_TYPE = YES_ERROR;
				GCC_WARN_UNDECLARED_SELECTOR = YES;
				GCC_WARN_UNINITIALIZED_AUTOS = YES_AGGRESSIVE;
				GCC_WARN_UNUSED_FUNCTION = YES;
				GCC_WARN_UNUSED_VARIABLE = YES;
				IPHONEOS_DEPLOYMENT_TARGET = 15.4;
				MTL_ENABLE_DEBUG_INFO = NO;
				MTL_FAST_MATH = YES;
				SDKROOT = iphoneos;
				SWIFT_COMPILATION_MODE = wholemodule;
				SWIFT_OPTIMIZATION_LEVEL = "-O";
				VALIDATE_PRODUCT = YES;
			};
			name = Release;
		};
		64E5F8C5283E4B5E00B078D8 /* Debug */ = {
			isa = XCBuildConfiguration;
			buildSettings = {
				ASSETCATALOG_COMPILER_APPICON_NAME = AppIcon;
				ASSETCATALOG_COMPILER_GLOBAL_ACCENT_COLOR_NAME = AccentColor;
				CODE_SIGN_STYLE = Automatic;
				CURRENT_PROJECT_VERSION = 1;
				DEVELOPMENT_TEAM = Z4822F8J4X;
				GENERATE_INFOPLIST_FILE = YES;
				INFOPLIST_FILE = "API Practice/Info.plist";
				INFOPLIST_KEY_UIApplicationSupportsIndirectInputEvents = YES;
				INFOPLIST_KEY_UILaunchStoryboardName = LaunchScreen;
				INFOPLIST_KEY_UIMainStoryboardFile = Main;
				INFOPLIST_KEY_UISupportedInterfaceOrientations_iPad = "UIInterfaceOrientationPortrait UIInterfaceOrientationPortraitUpsideDown UIInterfaceOrientationLandscapeLeft UIInterfaceOrientationLandscapeRight";
				INFOPLIST_KEY_UISupportedInterfaceOrientations_iPhone = "UIInterfaceOrientationPortrait UIInterfaceOrientationLandscapeLeft UIInterfaceOrientationLandscapeRight";
				LD_RUNPATH_SEARCH_PATHS = (
					"$(inherited)",
					"@executable_path/Frameworks",
				);
				MARKETING_VERSION = 1.0;
				PRODUCT_BUNDLE_IDENTIFIER = "com.chris.API-Practice";
				PRODUCT_NAME = "$(TARGET_NAME)";
				SWIFT_EMIT_LOC_STRINGS = YES;
				SWIFT_VERSION = 5.0;
				TARGETED_DEVICE_FAMILY = "1,2";
			};
			name = Debug;
		};
		64E5F8C6283E4B5E00B078D8 /* Release */ = {
			isa = XCBuildConfiguration;
			buildSettings = {
				ASSETCATALOG_COMPILER_APPICON_NAME = AppIcon;
				ASSETCATALOG_COMPILER_GLOBAL_ACCENT_COLOR_NAME = AccentColor;
				CODE_SIGN_STYLE = Automatic;
				CURRENT_PROJECT_VERSION = 1;
				DEVELOPMENT_TEAM = Z4822F8J4X;
				GENERATE_INFOPLIST_FILE = YES;
				INFOPLIST_FILE = "API Practice/Info.plist";
				INFOPLIST_KEY_UIApplicationSupportsIndirectInputEvents = YES;
				INFOPLIST_KEY_UILaunchStoryboardName = LaunchScreen;
				INFOPLIST_KEY_UIMainStoryboardFile = Main;
				INFOPLIST_KEY_UISupportedInterfaceOrientations_iPad = "UIInterfaceOrientationPortrait UIInterfaceOrientationPortraitUpsideDown UIInterfaceOrientationLandscapeLeft UIInterfaceOrientationLandscapeRight";
				INFOPLIST_KEY_UISupportedInterfaceOrientations_iPhone = "UIInterfaceOrientationPortrait UIInterfaceOrientationLandscapeLeft UIInterfaceOrientationLandscapeRight";
				LD_RUNPATH_SEARCH_PATHS = (
					"$(inherited)",
					"@executable_path/Frameworks",
				);
				MARKETING_VERSION = 1.0;
				PRODUCT_BUNDLE_IDENTIFIER = "com.chris.API-Practice";
				PRODUCT_NAME = "$(TARGET_NAME)";
				SWIFT_EMIT_LOC_STRINGS = YES;
				SWIFT_VERSION = 5.0;
				TARGETED_DEVICE_FAMILY = "1,2";
			};
			name = Release;
		};
/* End XCBuildConfiguration section */

/* Begin XCConfigurationList section */
		64E5F8AB283E4B5E00B078D8 /* Build configuration list for PBXProject "API Practice" */ = {
			isa = XCConfigurationList;
			buildConfigurations = (
				64E5F8C2283E4B5E00B078D8 /* Debug */,
				64E5F8C3283E4B5E00B078D8 /* Release */,
			);
			defaultConfigurationIsVisible = 0;
			defaultConfigurationName = Release;
		};
		64E5F8C4283E4B5E00B078D8 /* Build configuration list for PBXNativeTarget "API Practice" */ = {
			isa = XCConfigurationList;
			buildConfigurations = (
				64E5F8C5283E4B5E00B078D8 /* Debug */,
				64E5F8C6283E4B5E00B078D8 /* Release */,
			);
			defaultConfigurationIsVisible = 0;
			defaultConfigurationName = Release;
		};
/* End XCConfigurationList section */
	};
	rootObject = 64E5F8A8283E4B5E00B078D8 /* Project object */;
}
